
Microsoft Visual Studio Solution File, Format Version 11.00
# Visual Studio 2010
Project("{FAE04EC0-301F-11D3-BF4B-00C04F79EFBC}") = "Assembly-CSharp", "Assembly-CSharp.csproj", "{920A2EA7-CD64-3C33-DA52-00D7D98FD09D}"
EndProject
Project("{FAE04EC0-301F-11D3-BF4B-00C04F79EFBC}") = "PathCreator", "PathCreator.csproj", "{327DC863-91AB-FB26-5181-4E181F97A9D4}"
EndProject
Project("{FAE04EC0-301F-11D3-BF4B-00C04F79EFBC}") = "PathCreatorEditor", "PathCreatorEditor.csproj", "{09378D04-A208-3BB2-0B9B-CDDFCB3CE682}"
EndProject
Project("{FAE04EC0-301F-11D3-BF4B-00C04F79EFBC}") = "Assembly-CSharp-Editor", "Assembly-CSharp-Editor.csproj", "{CC39DB7D-69B3-10AD-EB80-B6402E80C3D8}"
EndProject
Global
	GlobalSection(SolutionConfigurationPlatforms) = preSolution
		Debug|Any CPU = Debug|Any CPU
		Release|Any CPU = Release|Any CPU
	EndGlobalSection
	GlobalSection(ProjectConfigurationPlatforms) = postSolution
		{920A2EA7-CD64-3C33-DA52-00D7D98FD09D}.Debug|Any CPU.ActiveCfg = Debug|Any CPU
		{920A2EA7-CD64-3C33-DA52-00D7D98FD09D}.Debug|Any CPU.Build.0 = Debug|Any CPU
		{920A2EA7-CD64-3C33-DA52-00D7D98FD09D}.Release|Any CPU.ActiveCfg = Release|Any CPU
		{920A2EA7-CD64-3C33-DA52-00D7D98FD09D}.Release|Any CPU.Build.0 = Release|Any CPU
		{327DC863-91AB-FB26-5181-4E181F97A9D4}.Debug|Any CPU.ActiveCfg = Debug|Any CPU
		{327DC863-91AB-FB26-5181-4E181F97A9D4}.Debug|Any CPU.Build.0 = Debug|Any CPU
		{327DC863-91AB-FB26-5181-4E181F97A9D4}.Release|Any CPU.ActiveCfg = Release|Any CPU
		{327DC863-91AB-FB26-5181-4E181F97A9D4}.Release|Any CPU.Build.0 = Release|Any CPU
		{09378D04-A208-3BB2-0B9B-CDDFCB3CE682}.Debug|Any CPU.ActiveCfg = Debug|Any CPU
		{09378D04-A208-3BB2-0B9B-CDDFCB3CE682}.Debug|Any CPU.Build.0 = Debug|Any CPU
		{09378D04-A208-3BB2-0B9B-CDDFCB3CE682}.Release|Any CPU.ActiveCfg = Release|Any CPU
		{09378D04-A208-3BB2-0B9B-CDDFCB3CE682}.Release|Any CPU.Build.0 = Release|Any CPU
		{CC39DB7D-69B3-10AD-EB80-B6402E80C3D8}.Debug|Any CPU.ActiveCfg = Debug|Any CPU
		{CC39DB7D-69B3-10AD-EB80-B6402E80C3D8}.Debug|Any CPU.Build.0 = Debug|Any CPU
		{CC39DB7D-69B3-10AD-EB80-B6402E80C3D8}.Release|Any CPU.ActiveCfg = Release|Any CPU
		{CC39DB7D-69B3-10AD-EB80-B6402E80C3D8}.Release|Any CPU.Build.0 = Release|Any CPU
	EndGlobalSection
	GlobalSection(SolutionProperties) = preSolution
		HideSolutionNode = FALSE
	EndGlobalSection
EndGlobal
